{
  "name": "vl53l0x",
  "version": "1.0.0",
  "lockfileVersion": 1,
  "requires": true,
  "dependencies": {
    "bindings": {
      "version": "1.5.0",
      "resolved": "https://registry.npmjs.org/bindings/-/bindings-1.5.0.tgz",
      "integrity": "sha512-p2q/t/mhvuOj/UeLlV6566GD/guowlr0hHxClI0W9m7MWYkL1F0hLo+0Aexs9HSPCtR1SXQ0TD3MMKrXZajbiQ==",
      "requires": {
        "file-uri-to-path": "1.0.0"
      }
    },
    "debug": {
      "version": "4.1.1",
      "resolved": "https://registry.npmjs.org/debug/-/debug-4.1.1.tgz",
      "integrity": "sha512-pYAIzeRo8J6KPEaJ0VWOh5Pzkbw/RetuzehGM7QRRX5he4fPHx2rdKMB256ehJCkX+XRQm16eZLqLNS8RSZXZw==",
      "requires": {
        "ms": "^2.1.1"
      }
    },
    "file-uri-to-path": {
      "version": "1.0.0",
      "resolved": "https://registry.npmjs.org/file-uri-to-path/-/file-uri-to-path-1.0.0.tgz",
      "integrity": "sha512-0Zt+s3L7Vf1biwWZ29aARiVYLx7iMGnEUl9x33fbB/j3jR81u/O2LbqK+Bm1CDSNDKVtJ/YjwY7TUd5SkeLQLw=="
    },
    "i2c-bus": {
      "version": "4.0.11",
      "resolved": "https://registry.npmjs.org/i2c-bus/-/i2c-bus-4.0.11.tgz",
      "integrity": "sha512-JIL9ezw3cavIDnk98vYh0FOX/yiMVeG98x2KT+ZJZqXNwyLnaNfYXcHk9t8xih2cYZzy050Kp4ZUcpASuT57dg==",
      "requires": {
        "bindings": "^1.5.0",
        "nan": "^2.14.0"
      }
    },
    "i2c-bus-promise": {
      "version": "1.0.0",
      "resolved": "https://registry.npmjs.org/i2c-bus-promise/-/i2c-bus-promise-1.0.0.tgz",
      "integrity": "sha512-hN2dBopGrhXNGmCurfWHBmtMtPuLFurJWxafPe4/OOzH1YANl14nEYOAyxW78b37g5X4bb8C0K5TozjabnsuFA==",
      "requires": {
        "i2c-bus": "^4"
      }
    },
    "ms": {
      "version": "2.1.2",
      "resolved": "https://registry.npmjs.org/ms/-/ms-2.1.2.tgz",
      "integrity": "sha512-sGkPx+VjMtmA6MX27oA4FBFELFCZZ4S4XqeGOXCv68tT+jb3vk/RyaKWP0PTKyWtmLSM0b+adUTEvbs1PEaH2w=="
    },
    "nan": {
      "version": "2.14.0",
      "resolved": "https://registry.npmjs.org/nan/-/nan-2.14.0.tgz",
      "integrity": "sha512-INOFj37C7k3AfaNTtX8RhsTw7qRy7eLET14cROi9+5HAVbbHuIWUHEauBv5qT4Av2tWasiTY1Jw6puUNqRJXQg=="
    }
  }
}
